Microsoft Visual Studio Solution File, Format Version 11.00
# Visual Studio 2008

Project("{0B18CB8F-730B-A3C3-6519-2A384AA251F7}") = "GameloftTEST", "Assembly-CSharp-firstpass-vs.csproj", "{D322602C-550D-3A4F-3587-F352BBC9CAA4}"
EndProject
Project("{0B18CB8F-730B-A3C3-6519-2A384AA251F7}") = "GameloftTEST", "Assembly-CSharp-vs.csproj", "{A6158176-E7F9-6DA6-C47A-6DCA64F69AA7}"
EndProject
Project("{0B18CB8F-730B-A3C3-6519-2A384AA251F7}") = "GameloftTEST", "Assembly-CSharp-Editor-vs.csproj", "{74572228-9A5B-4BE3-3C01-C3E19750E8F8}"
EndProject
Global
	GlobalSection(SolutionConfigurationPlatforms) = preSolution
		Debug|Any CPU = Debug|Any CPU
		Release|Any CPU = Release|Any CPU
	EndGlobalSection
	GlobalSection(ProjectConfigurationPlatforms) = postSolution
		{D322602C-550D-3A4F-3587-F352BBC9CAA4}.Debug|Any CPU.ActiveCfg = Debug|Any CPU
		{D322602C-550D-3A4F-3587-F352BBC9CAA4}.Debug|Any CPU.Build.0 = Debug|Any CPU
		{D322602C-550D-3A4F-3587-F352BBC9CAA4}.Release|Any CPU.ActiveCfg = Release|Any CPU
		{D322602C-550D-3A4F-3587-F352BBC9CAA4}.Release|Any CPU.Build.0 = Release|Any CPU
		{A6158176-E7F9-6DA6-C47A-6DCA64F69AA7}.Debug|Any CPU.ActiveCfg = Debug|Any CPU
		{A6158176-E7F9-6DA6-C47A-6DCA64F69AA7}.Debug|Any CPU.Build.0 = Debug|Any CPU
		{A6158176-E7F9-6DA6-C47A-6DCA64F69AA7}.Release|Any CPU.ActiveCfg = Release|Any CPU
		{A6158176-E7F9-6DA6-C47A-6DCA64F69AA7}.Release|Any CPU.Build.0 = Release|Any CPU
		{74572228-9A5B-4BE3-3C01-C3E19750E8F8}.Debug|Any CPU.ActiveCfg = Debug|Any CPU
		{74572228-9A5B-4BE3-3C01-C3E19750E8F8}.Debug|Any CPU.Build.0 = Debug|Any CPU
		{74572228-9A5B-4BE3-3C01-C3E19750E8F8}.Release|Any CPU.ActiveCfg = Release|Any CPU
		{74572228-9A5B-4BE3-3C01-C3E19750E8F8}.Release|Any CPU.Build.0 = Release|Any CPU
	EndGlobalSection
	GlobalSection(SolutionProperties) = preSolution
		HideSolutionNode = FALSE
	EndGlobalSection
																							GlobalSection(MonoDevelopProperties) = preSolution
		StartupItem = Assembly-CSharp.csproj
		Policies = $0
		$0.TextStylePolicy = $1
		$1.inheritsSet = null
		$1.scope = text/x-csharp
		$0.CSharpFormattingPolicy = $2
		$2.inheritsSet = Mono
		$2.inheritsScope = text/x-csharp
		$2.scope = text/x-csharp
		$0.TextStylePolicy = $3
		$3.FileWidth = 120
		$3.TabWidth = 4
		$3.IndentWidth = 4
		$3.EolMarker = Unix
		$3.inheritsSet = Mono
		$3.inheritsScope = text/plain
		$3.scope = text/plain
	EndGlobalSection

EndGlobal
